{
  "name": "portfolio",
  "version": "0.1.0",
  "lockfileVersion": 1,
  "requires": true,
  "dependencies": {
    "@fortawesome/fontawesome-common-types": {
      "version": "0.2.8",
      "resolved": "https://registry.npmjs.org/@fortawesome/fontawesome-common-types/-/fontawesome-common-types-0.2.8.tgz",
      "integrity": "sha512-0sU7JDLdEeGQlWBSr5uEE6PZOM15YM1s9rFlpZV+WhNdX2V6Co3Sj0OW5el4F54X1Tw+nfxf4Cc3dUedudaDWg=="
    },
    "@fortawesome/free-brands-svg-icons": {
      "version": "5.5.0",
      "resolved": "https://registry.npmjs.org/@fortawesome/free-brands-svg-icons/-/free-brands-svg-icons-5.5.0.tgz",
      "integrity": "sha512-R2I2eARMVofGTtfxe5+VaMRXiQYQQFoDkHj2Q1qZVn37eRFszDySvSlJuKTsqFRsOxoP4Iq+xIGFy/ppoSo3Wg==",
      "requires": {
        "@fortawesome/fontawesome-common-types": "0.2.8"
      }
    }
  }
}
